<?xml version="1.0" encoding="UTF-8" standalone="yes" ?>
<CodeBlocks_project_file>
	<FileVersion major="1" minor="6" />
	<Project>
		<Option title="palx" />
		<Option pch_mode="2" />
		<Option compiler="gcc" />
		<Build>
			<Target title="Debug">
				<Option output="Debug-cb\palx" prefix_auto="1" extension_auto="1" />
				<Option working_dir="..\trunk" />
				<Option object_output="obj\Debug\" />
				<Option type="0" />
				<Option compiler="gcc" />
				<Compiler>
					<Add option="-g" />
					<Add option="-DWITH_LUA" />
				</Compiler>
				<Linker>
					<Add library="adplug" />
					<Add library="binio" />
					<Add library="alleg_s" />
					<Add library="freetype" />
					<Add library="gdi32" />
					<Add library="ole32" />
					<Add library="dinput" />
					<Add library="ddraw" />
					<Add library="dxguid" />
					<Add library="winmm" />
					<Add library="dsound" />
					<Add library="luabind" />
					<Add library="lua5.1" />
				</Linker>
			</Target>
			<Target title="Release-w95">
				<Option output="Release-cb\palxw95" prefix_auto="1" extension_auto="1" />
				<Option working_dir="..\trunk" />
				<Option object_output="obj\Release-w95\" />
				<Option type="0" />
				<Option compiler="gcc" />
				<Compiler>
					<Add option="-O2" />
					<Add option="-DPAL_WIN95" />
					<Add option="-DWITH_LUA" />
				</Compiler>
				<Linker>
					<Add option="-s" />
					<Add library="adplug" />
					<Add library="binio" />
					<Add library="alleg_s" />
					<Add library="freetype" />
					<Add library="gdi32" />
					<Add library="ole32" />
					<Add library="dinput" />
					<Add library="ddraw" />
					<Add library="dxguid" />
					<Add library="winmm" />
					<Add library="dsound" />
					<Add library="luabind" />
					<Add library="lua5.1" />
				</Linker>
			</Target>
			<Target title="Release">
				<Option output="Release-cb\palx" prefix_auto="1" extension_auto="1" />
				<Option working_dir="..\trunk" />
				<Option object_output="obj\Release\" />
				<Option type="0" />
				<Option compiler="gcc" />
				<Compiler>
					<Add option="-O2" />
					<Add option="-DWITH_LUA" />
				</Compiler>
				<Linker>
					<Add option="-s" />
					<Add library="adplug" />
					<Add library="binio" />
					<Add library="alleg_s" />
					<Add library="freetype" />
					<Add library="gdi32" />
					<Add library="ole32" />
					<Add library="dinput" />
					<Add library="ddraw" />
					<Add library="dxguid" />
					<Add library="winmm" />
					<Add library="dsound" />
					<Add library="luabind" />
					<Add library="lua5.1" />
				</Linker>
			</Target>
		</Build>
		<Compiler>
			<Add option="-Wall" />
			<Add option="-DALLEGRO_STATICLINK" />
			<Add directory="PalLibrary\include" />
			<Add directory="alfont" />
		</Compiler>
		<Linker>
			<Add library="adplug" />
			<Add library="binio" />
			<Add library="alleg_s" />
			<Add library="gdi32" />
			<Add library="user32" />
			<Add library="kernel32" />
			<Add library="comdlg32" />
			<Add library="ole32" />
			<Add library="dinput" />
			<Add library="ddraw" />
			<Add library="dxguid" />
			<Add library="winmm" />
			<Add library="dsound" />
		</Linker>
		<Unit filename="PalLibrary\include\config.h" />
		<Unit filename="PalLibrary\include\grf.h" />
		<Unit filename="PalLibrary\include\pallib.h" />
		<Unit filename="PalLibrary\src\rle.cpp" />
		<Unit filename="PalLibrary\src\rng.cpp" />
		<Unit filename="PalLibrary\src\yj1.cpp" />
		<Unit filename="PalLibrary\src\yj1s.h" />
		<Unit filename="PalLibrary\src\yj2.cpp" />
		<Unit filename="PalLibrary\src\yj2sd.h" />
		<Unit filename="PalLibrary\src\yj2se.h" />
		<Unit filename="alfont\alfont.c">
			<Option compilerVar="CC" />
		</Unit>
		<Unit filename="alfont\alfont.h" />
		<Unit filename="icon.rc">
			<Option compilerVar="WINDRES" />
		</Unit>
		<Unit filename="src\UI.cpp" />
		<Unit filename="src\UI.h" />
		<Unit filename="src\allegdef.h" />
		<Unit filename="src\audio.cpp" />
		<Unit filename="src\battle.cpp" />
		<Unit filename="src\battle.h" />
		<Unit filename="src\begin.cpp" />
		<Unit filename="src\begin.h" />
		<Unit filename="src\celestial.cpp" />
		<Unit filename="src\config.cpp" />
		<Unit filename="src\config.h" />
		<Unit filename="src\fade.cpp" />
		<Unit filename="src\game.cpp" />
		<Unit filename="src\game.h" />
		<Unit filename="src\graph.cpp" />
		<Unit filename="src\integer.h" />
		<Unit filename="src\internal.cpp" />
		<Unit filename="src\internal.h" />
		<Unit filename="src\item.cpp" />
		<Unit filename="src\keyboard.cpp" />
		<Unit filename="src\keyboard.h" />
		<Unit filename="src\luabinding.cpp" />
		<Unit filename="src\luabinding.h" />
		<Unit filename="src\mainloop.cpp" />
		<Unit filename="src\message.cpp" />
		<Unit filename="src\palx.cpp" />
		<Unit filename="src\playrng.cpp" />
		<Unit filename="src\qbrand.cpp" />
		<Unit filename="src\resource.cpp" />
		<Unit filename="src\resource.h" />
		<Unit filename="src\scene.cpp" />
		<Unit filename="src\scene.h" />
		<Unit filename="src\script.cpp" />
		<Unit filename="src\shop.cpp" />
		<Unit filename="src\structs.h" />
		<Unit filename="src\team.cpp" />
		<Unit filename="src\timing.cpp" />
		<Unit filename="src\timing.h" />
		<Extensions>
			<code_completion />
			<envvars />
			<debugger />
		</Extensions>
	</Project>
</CodeBlocks_project_file>
