
Microsoft Visual Studio Solution File, Format Version 10.00
# Visual Studio 2008
Project("{8BC9CEB8-8B4A-11D0-8D11-00A0C91BC942}") = "palx", "palx.vcproj", "{DAEE1A58-97BF-4C36-9A5B-733D800D4792}"
EndProject
Global
	GlobalSection(SolutionConfigurationPlatforms) = preSolution
		Debug|Win32 = Debug|Win32
		debug-w95|Win32 = debug-w95|Win32
		Release|Win32 = Release|Win32
	EndGlobalSection
	GlobalSection(ProjectConfigurationPlatforms) = postSolution
		{DAEE1A58-97BF-4C36-9A5B-733D800D4792}.Debug|Win32.ActiveCfg = Debug|Win32
		{DAEE1A58-97BF-4C36-9A5B-733D800D4792}.Debug|Win32.Build.0 = Debug|Win32
		{DAEE1A58-97BF-4C36-9A5B-733D800D4792}.debug-w95|Win32.ActiveCfg = debug-w95|Win32
		{DAEE1A58-97BF-4C36-9A5B-733D800D4792}.debug-w95|Win32.Build.0 = debug-w95|Win32
		{DAEE1A58-97BF-4C36-9A5B-733D800D4792}.Release|Win32.ActiveCfg = Release|Win32
		{DAEE1A58-97BF-4C36-9A5B-733D800D4792}.Release|Win32.Build.0 = Release|Win32
	EndGlobalSection
	GlobalSection(SolutionProperties) = preSolution
		HideSolutionNode = FALSE
	EndGlobalSection
EndGlobal
